
Microsoft Visual Studio Solution File, Format Version 12.00
# Visual Studio Version 17
VisualStudioVersion = 17.12.35707.178
MinimumVisualStudioVersion = 10.0.40219.1
Project("{FAE04EC0-301F-11D3-BF4B-00C04F79EFBC}") = "MyBankWebApp", "MyBankWebApp\MyBankWebApp.csproj", "{1AC34563-4AF9-4896-B8E3-F99ED0B54F99}"
EndProject
Project("{FAE04EC0-301F-11D3-BF4B-00C04F79EFBC}") = "MyBankWebAppTests", "MyBankWebAppTests\MyBankWebAppTests.csproj", "{D72901FA-D99F-46C5-9A74-09AB0333B090}"
EndProject
Global
	GlobalSection(SolutionConfigurationPlatforms) = preSolution
		Debug|Any CPU = Debug|Any CPU
		Release|Any CPU = Release|Any CPU
	EndGlobalSection
	GlobalSection(ProjectConfigurationPlatforms) = postSolution
		{1AC34563-4AF9-4896-B8E3-F99ED0B54F99}.Debug|Any CPU.ActiveCfg = Debug|Any CPU
		{1AC34563-4AF9-4896-B8E3-F99ED0B54F99}.Debug|Any CPU.Build.0 = Debug|Any CPU
		{1AC34563-4AF9-4896-B8E3-F99ED0B54F99}.Release|Any CPU.ActiveCfg = Release|Any CPU
		{1AC34563-4AF9-4896-B8E3-F99ED0B54F99}.Release|Any CPU.Build.0 = Release|Any CPU
		{D72901FA-D99F-46C5-9A74-09AB0333B090}.Debug|Any CPU.ActiveCfg = Debug|Any CPU
		{D72901FA-D99F-46C5-9A74-09AB0333B090}.Debug|Any CPU.Build.0 = Debug|Any CPU
		{D72901FA-D99F-46C5-9A74-09AB0333B090}.Release|Any CPU.ActiveCfg = Release|Any CPU
		{D72901FA-D99F-46C5-9A74-09AB0333B090}.Release|Any CPU.Build.0 = Release|Any CPU
	EndGlobalSection
	GlobalSection(SolutionProperties) = preSolution
		HideSolutionNode = FALSE
	EndGlobalSection
EndGlobal
